
Microsoft Visual Studio Solution File, Format Version 12.00
# Visual Studio Version 17
VisualStudioVersion = 17.4.33205.214
MinimumVisualStudioVersion = 10.0.40219.1
Project("{FAE04EC0-301F-11D3-BF4B-00C04F79EFBC}") = "Task1", "Task1\Task1.csproj", "{C7E283D9-4291-42A4-98CF-7DE8C359FB8D}"
EndProject
Project("{FAE04EC0-301F-11D3-BF4B-00C04F79EFBC}") = "Task2", "Task2\Task2.csproj", "{8F69F335-C9CA-43E5-8A2F-7A7825C53820}"
EndProject
Project("{FAE04EC0-301F-11D3-BF4B-00C04F79EFBC}") = "Task3", "Task3\Task3.csproj", "{DD0EFFB4-881D-459A-92CC-31476780D801}"
EndProject
Project("{FAE04EC0-301F-11D3-BF4B-00C04F79EFBC}") = "Task4", "Task4\Task4.csproj", "{7B4CB275-AAAC-41F9-AB70-BA43F3BB7DB8}"
EndProject
Global
	GlobalSection(SolutionConfigurationPlatforms) = preSolution
		Debug|Any CPU = Debug|Any CPU
		Release|Any CPU = Release|Any CPU
	EndGlobalSection
	GlobalSection(ProjectConfigurationPlatforms) = postSolution
		{C7E283D9-4291-42A4-98CF-7DE8C359FB8D}.Debug|Any CPU.ActiveCfg = Debug|Any CPU
		{C7E283D9-4291-42A4-98CF-7DE8C359FB8D}.Debug|Any CPU.Build.0 = Debug|Any CPU
		{C7E283D9-4291-42A4-98CF-7DE8C359FB8D}.Release|Any CPU.ActiveCfg = Release|Any CPU
		{C7E283D9-4291-42A4-98CF-7DE8C359FB8D}.Release|Any CPU.Build.0 = Release|Any CPU
		{8F69F335-C9CA-43E5-8A2F-7A7825C53820}.Debug|Any CPU.ActiveCfg = Debug|Any CPU
		{8F69F335-C9CA-43E5-8A2F-7A7825C53820}.Debug|Any CPU.Build.0 = Debug|Any CPU
		{8F69F335-C9CA-43E5-8A2F-7A7825C53820}.Release|Any CPU.ActiveCfg = Release|Any CPU
		{8F69F335-C9CA-43E5-8A2F-7A7825C53820}.Release|Any CPU.Build.0 = Release|Any CPU
		{DD0EFFB4-881D-459A-92CC-31476780D801}.Debug|Any CPU.ActiveCfg = Debug|Any CPU
		{DD0EFFB4-881D-459A-92CC-31476780D801}.Debug|Any CPU.Build.0 = Debug|Any CPU
		{DD0EFFB4-881D-459A-92CC-31476780D801}.Release|Any CPU.ActiveCfg = Release|Any CPU
		{DD0EFFB4-881D-459A-92CC-31476780D801}.Release|Any CPU.Build.0 = Release|Any CPU
		{7B4CB275-AAAC-41F9-AB70-BA43F3BB7DB8}.Debug|Any CPU.ActiveCfg = Debug|Any CPU
		{7B4CB275-AAAC-41F9-AB70-BA43F3BB7DB8}.Debug|Any CPU.Build.0 = Debug|Any CPU
		{7B4CB275-AAAC-41F9-AB70-BA43F3BB7DB8}.Release|Any CPU.ActiveCfg = Release|Any CPU
		{7B4CB275-AAAC-41F9-AB70-BA43F3BB7DB8}.Release|Any CPU.Build.0 = Release|Any CPU
	EndGlobalSection
	GlobalSection(SolutionProperties) = preSolution
		HideSolutionNode = FALSE
	EndGlobalSection
	GlobalSection(ExtensibilityGlobals) = postSolution
		SolutionGuid = {CCC6E919-EEC3-4681-A2E0-961EF5B4EFA9}
	EndGlobalSection
EndGlobal
