
Microsoft Visual Studio Solution File, Format Version 12.00
# Visual Studio Version 17
VisualStudioVersion = 17.4.33205.214
MinimumVisualStudioVersion = 10.0.40219.1
Project("{FAE04EC0-301F-11D3-BF4B-00C04F79EFBC}") = "AbstractFactory", "AbstractFactory\AbstractFactory.csproj", "{C3AF40C4-BC66-44FE-ADCA-823DCF0163C7}"
EndProject
Project("{FAE04EC0-301F-11D3-BF4B-00C04F79EFBC}") = "Builder", "Builder\Builder.csproj", "{1F8E52AA-184B-409E-A5C1-3566338040DF}"
EndProject
Project("{FAE04EC0-301F-11D3-BF4B-00C04F79EFBC}") = "Factory", "Factory\Factory.csproj", "{6E0FD987-E1EB-4AA8-AC88-6CA967028420}"
EndProject
Project("{FAE04EC0-301F-11D3-BF4B-00C04F79EFBC}") = "Prototype", "Prototype\Prototype.csproj", "{EF871A5D-F20F-4567-85C2-1AFF2007E3B0}"
EndProject
Project("{FAE04EC0-301F-11D3-BF4B-00C04F79EFBC}") = "Singleton", "Singletop\Singleton.csproj", "{1E2A49C4-F937-4309-AF00-D80B2C00C092}"
EndProject
Global
	GlobalSection(SolutionConfigurationPlatforms) = preSolution
		Debug|Any CPU = Debug|Any CPU
		Release|Any CPU = Release|Any CPU
	EndGlobalSection
	GlobalSection(ProjectConfigurationPlatforms) = postSolution
		{C3AF40C4-BC66-44FE-ADCA-823DCF0163C7}.Debug|Any CPU.ActiveCfg = Debug|Any CPU
		{C3AF40C4-BC66-44FE-ADCA-823DCF0163C7}.Debug|Any CPU.Build.0 = Debug|Any CPU
		{C3AF40C4-BC66-44FE-ADCA-823DCF0163C7}.Release|Any CPU.ActiveCfg = Release|Any CPU
		{C3AF40C4-BC66-44FE-ADCA-823DCF0163C7}.Release|Any CPU.Build.0 = Release|Any CPU
		{1F8E52AA-184B-409E-A5C1-3566338040DF}.Debug|Any CPU.ActiveCfg = Debug|Any CPU
		{1F8E52AA-184B-409E-A5C1-3566338040DF}.Debug|Any CPU.Build.0 = Debug|Any CPU
		{1F8E52AA-184B-409E-A5C1-3566338040DF}.Release|Any CPU.ActiveCfg = Release|Any CPU
		{1F8E52AA-184B-409E-A5C1-3566338040DF}.Release|Any CPU.Build.0 = Release|Any CPU
		{6E0FD987-E1EB-4AA8-AC88-6CA967028420}.Debug|Any CPU.ActiveCfg = Debug|Any CPU
		{6E0FD987-E1EB-4AA8-AC88-6CA967028420}.Debug|Any CPU.Build.0 = Debug|Any CPU
		{6E0FD987-E1EB-4AA8-AC88-6CA967028420}.Release|Any CPU.ActiveCfg = Release|Any CPU
		{6E0FD987-E1EB-4AA8-AC88-6CA967028420}.Release|Any CPU.Build.0 = Release|Any CPU
		{EF871A5D-F20F-4567-85C2-1AFF2007E3B0}.Debug|Any CPU.ActiveCfg = Debug|Any CPU
		{EF871A5D-F20F-4567-85C2-1AFF2007E3B0}.Debug|Any CPU.Build.0 = Debug|Any CPU
		{EF871A5D-F20F-4567-85C2-1AFF2007E3B0}.Release|Any CPU.ActiveCfg = Release|Any CPU
		{EF871A5D-F20F-4567-85C2-1AFF2007E3B0}.Release|Any CPU.Build.0 = Release|Any CPU
		{1E2A49C4-F937-4309-AF00-D80B2C00C092}.Debug|Any CPU.ActiveCfg = Debug|Any CPU
		{1E2A49C4-F937-4309-AF00-D80B2C00C092}.Debug|Any CPU.Build.0 = Debug|Any CPU
		{1E2A49C4-F937-4309-AF00-D80B2C00C092}.Release|Any CPU.ActiveCfg = Release|Any CPU
		{1E2A49C4-F937-4309-AF00-D80B2C00C092}.Release|Any CPU.Build.0 = Release|Any CPU
	EndGlobalSection
	GlobalSection(SolutionProperties) = preSolution
		HideSolutionNode = FALSE
	EndGlobalSection
	GlobalSection(ExtensibilityGlobals) = postSolution
		SolutionGuid = {6E01550E-3479-48EE-925F-97A41A697417}
	EndGlobalSection
EndGlobal
