
Microsoft Visual Studio Solution File, Format Version 12.00
# Visual Studio Version 17
VisualStudioVersion = 17.4.33205.214
MinimumVisualStudioVersion = 10.0.40219.1
Project("{FAE04EC0-301F-11D3-BF4B-00C04F79EFBC}") = "Agent", "Agent\Agent.csproj", "{21288D47-E292-4A19-B838-B005583926E6}"
EndProject
Project("{FAE04EC0-301F-11D3-BF4B-00C04F79EFBC}") = "ChainOfResponsibility", "ChainOfResponsibility\ChainOfResponsibility.csproj", "{F493055D-5486-4711-AAC8-CA20E698B7E3}"
EndProject
Global
	GlobalSection(SolutionConfigurationPlatforms) = preSolution
		Debug|Any CPU = Debug|Any CPU
		Release|Any CPU = Release|Any CPU
	EndGlobalSection
	GlobalSection(ProjectConfigurationPlatforms) = postSolution
		{21288D47-E292-4A19-B838-B005583926E6}.Debug|Any CPU.ActiveCfg = Debug|Any CPU
		{21288D47-E292-4A19-B838-B005583926E6}.Debug|Any CPU.Build.0 = Debug|Any CPU
		{21288D47-E292-4A19-B838-B005583926E6}.Release|Any CPU.ActiveCfg = Release|Any CPU
		{21288D47-E292-4A19-B838-B005583926E6}.Release|Any CPU.Build.0 = Release|Any CPU
		{F493055D-5486-4711-AAC8-CA20E698B7E3}.Debug|Any CPU.ActiveCfg = Debug|Any CPU
		{F493055D-5486-4711-AAC8-CA20E698B7E3}.Debug|Any CPU.Build.0 = Debug|Any CPU
		{F493055D-5486-4711-AAC8-CA20E698B7E3}.Release|Any CPU.ActiveCfg = Release|Any CPU
		{F493055D-5486-4711-AAC8-CA20E698B7E3}.Release|Any CPU.Build.0 = Release|Any CPU
	EndGlobalSection
	GlobalSection(SolutionProperties) = preSolution
		HideSolutionNode = FALSE
	EndGlobalSection
	GlobalSection(ExtensibilityGlobals) = postSolution
		SolutionGuid = {341ACCC7-41E7-4362-B6C9-025AC58E403E}
	EndGlobalSection
EndGlobal
